# This file was autogenerated by Stack.
# You should not edit this file by hand.
# For more information, please see the documentation at:
#   https://docs.haskellstack.org/en/stable/topics/lock_files

packages: []
snapshots:
- completed:
    sha256: cfba471c5b7b801ba60b48a7f3754be3e7a31725b6485ac86d553caf432c779e
    size: 761076
    url: https://raw.githubusercontent.com/commercialhaskell/stackage-snapshots/master/nightly/2026/6/18.yaml
  original: nightly-2026-06-18
